
Microsoft Visual Studio Solution File, Format Version 12.00
# Visual Studio 15
VisualStudioVersion = 15.0.28307.106
MinimumVisualStudioVersion = 10.0.40219.1
Project("{FAE04EC0-301F-11D3-BF4B-00C04F79EFBC}") = "XWorkUp.AspNetCoreMvc", "XWorkUp.AspNetCoreMvc\XWorkUp.AspNetCoreMvc.csproj", "{5857DBFD-1885-45B6-A7BD-4A7074327D1B}"
EndProject
Global
	GlobalSection(SolutionConfigurationPlatforms) = preSolution
		Debug|Any CPU = Debug|Any CPU
		Release|Any CPU = Release|Any CPU
	EndGlobalSection
	GlobalSection(ProjectConfigurationPlatforms) = postSolution
		{5857DBFD-1885-45B6-A7BD-4A7074327D1B}.Debug|Any CPU.ActiveCfg = Debug|Any CPU
		{5857DBFD-1885-45B6-A7BD-4A7074327D1B}.Debug|Any CPU.Build.0 = Debug|Any CPU
		{5857DBFD-1885-45B6-A7BD-4A7074327D1B}.Release|Any CPU.ActiveCfg = Release|Any CPU
		{5857DBFD-1885-45B6-A7BD-4A7074327D1B}.Release|Any CPU.Build.0 = Release|Any CPU
	EndGlobalSection
	GlobalSection(SolutionProperties) = preSolution
		HideSolutionNode = FALSE
	EndGlobalSection
	GlobalSection(ExtensibilityGlobals) = postSolution
		SolutionGuid = {92ED43B5-B5D5-4278-AF1D-E9D9667C59EA}
	EndGlobalSection
EndGlobal
